// !$*UTF8*$!
{
	archiveVersion = 1;
	classes = {
	};
	objectVersion = 55;
	objects = {

/* Begin PBXBuildFile section */
		473613D4271463AF008B1833 /* Tests_iOS.swift in Sources */ = {isa = PBXBuildFile; fileRef = 473613D3271463AF008B1833 /* Tests_iOS.swift */; };
		473613D6271463AF008B1833 /* Tests_iOSLaunchTests.swift in Sources */ = {isa = PBXBuildFile; fileRef = 473613D5271463AF008B1833 /* Tests_iOSLaunchTests.swift */; };
		473613E0271463AF008B1833 /* Tests_macOS.swift in Sources */ = {isa = PBXBuildFile; fileRef = 473613DF271463AF008B1833 /* Tests_macOS.swift */; };
		473613E2271463AF008B1833 /* Tests_macOSLaunchTests.swift in Sources */ = {isa = PBXBuildFile; fileRef = 473613E1271463AF008B1833 /* Tests_macOSLaunchTests.swift */; };
		473613E3271463AF008B1833 /* UI_324App.swift in Sources */ = {isa = PBXBuildFile; fileRef = 473613BB271463AE008B1833 /* UI_324App.swift */; };
		473613E4271463AF008B1833 /* UI_324App.swift in Sources */ = {isa = PBXBuildFile; fileRef = 473613BB271463AE008B1833 /* UI_324App.swift */; };
		473613E5271463AF008B1833 /* ContentView.swift in Sources */ = {isa = PBXBuildFile; fileRef = 473613BC271463AE008B1833 /* ContentView.swift */; };
		473613E6271463AF008B1833 /* ContentView.swift in Sources */ = {isa = PBXBuildFile; fileRef = 473613BC271463AE008B1833 /* ContentView.swift */; };
		473613E7271463AF008B1833 /* Assets.xcassets in Resources */ = {isa = PBXBuildFile; fileRef = 473613BD271463AF008B1833 /* Assets.xcassets */; };
		473613E8271463AF008B1833 /* Assets.xcassets in Resources */ = {isa = PBXBuildFile; fileRef = 473613BD271463AF008B1833 /* Assets.xcassets */; };
		473613FA271463D5008B1833 /* Post.swift in Sources */ = {isa = PBXBuildFile; fileRef = 473613F9271463D5008B1833 /* Post.swift */; };
		473613FC271463FB008B1833 /* Home.swift in Sources */ = {isa = PBXBuildFile; fileRef = 473613FB271463FB008B1833 /* Home.swift */; };
		473613FE27146404008B1833 /* BlurView.swift in Sources */ = {isa = PBXBuildFile; fileRef = 473613FD27146404008B1833 /* BlurView.swift */; };
/* End PBXBuildFile section */

/* Begin PBXContainerItemProxy section */
		473613D0271463AF008B1833 /* PBXContainerItemProxy */ = {
			isa = PBXContainerItemProxy;
			containerPortal = 473613B6271463AD008B1833 /* Project object */;
			proxyType = 1;
			remoteGlobalIDString = 473613C1271463AF008B1833;
			remoteInfo = "UI-324 (iOS)";
		};
		473613DC271463AF008B1833 /* PBXContainerItemProxy */ = {
			isa = PBXContainerItemProxy;
			containerPortal = 473613B6271463AD008B1833 /* Project object */;
			proxyType = 1;
			remoteGlobalIDString = 473613C7271463AF008B1833;
			remoteInfo = "UI-324 (macOS)";
		};
/* End PBXContainerItemProxy section */

/* Begin PBXFileReference section */
		473613BB271463AE008B1833 /* UI_324App.swift */ = {isa = PBXFileReference; lastKnownFileType = sourcecode.swift; path = UI_324App.swift; sourceTree = "<group>"; };
		473613BC271463AE008B1833 /* ContentView.swift */ = {isa = PBXFileReference; lastKnownFileType = sourcecode.swift; path = ContentView.swift; sourceTree = "<group>"; };
		473613BD271463AF008B1833 /* Assets.xcassets */ = {isa = PBXFileReference; lastKnownFileType = folder.assetcatalog; path = Assets.xcassets; sourceTree = "<group>"; };
		473613C2271463AF008B1833 /* UI-324.app */ = {isa = PBXFileReference; explicitFileType = wrapper.application; includeInIndex = 0; path = "UI-324.app"; sourceTree = BUILT_PRODUCTS_DIR; };
		473613C8271463AF008B1833 /* UI-324.app */ = {isa = PBXFileReference; explicitFileType = wrapper.application; includeInIndex = 0; path = "UI-324.app"; sourceTree = BUILT_PRODUCTS_DIR; };
		473613CA271463AF008B1833 /* macOS.entitlements */ = {isa = PBXFileReference; lastKnownFileType = text.plist.entitlements; path = macOS.entitlements; sourceTree = "<group>"; };
		473613CF271463AF008B1833 /* Tests iOS.xctest */ = {isa = PBXFileReference; explicitFileType = wrapper.cfbundle; includeInIndex = 0; path = "Tests iOS.xctest"; sourceTree = BUILT_PRODUCTS_DIR; };
		473613D3271463AF008B1833 /* Tests_iOS.swift */ = {isa = PBXFileReference; lastKnownFileType = sourcecode.swift; path = Tests_iOS.swift; sourceTree = "<group>"; };
		473613D5271463AF008B1833 /* Tests_iOSLaunchTests.swift */ = {isa = PBXFileReference; lastKnownFileType = sourcecode.swift; path = Tests_iOSLaunchTests.swift; sourceTree = "<group>"; };
		473613DB271463AF008B1833 /* Tests macOS.xctest */ = {isa = PBXFileReference; explicitFileType = wrapper.cfbundle; includeInIndex = 0; path = "Tests macOS.xctest"; sourceTree = BUILT_PRODUCTS_DIR; };
		473613DF271463AF008B1833 /* Tests_macOS.swift */ = {isa = PBXFileReference; lastKnownFileType = sourcecode.swift; path = Tests_macOS.swift; sourceTree = "<group>"; };
		473613E1271463AF008B1833 /* Tests_macOSLaunchTests.swift */ = {isa = PBXFileReference; lastKnownFileType = sourcecode.swift; path = Tests_macOSLaunchTests.swift; sourceTree = "<group>"; };
		473613F9271463D5008B1833 /* Post.swift */ = {isa = PBXFileReference; lastKnownFileType = sourcecode.swift; path = Post.swift; sourceTree = "<group>"; };
		473613FB271463FB008B1833 /* Home.swift */ = {isa = PBXFileReference; lastKnownFileType = sourcecode.swift; path = Home.swift; sourceTree = "<group>"; };
		473613FD27146404008B1833 /* BlurView.swift */ = {isa = PBXFileReference; lastKnownFileType = sourcecode.swift; path = BlurView.swift; sourceTree = "<group>"; };
/* End PBXFileReference section */

/* Begin PBXFrameworksBuildPhase section */
		473613BF271463AF008B1833 /* Frameworks */ = {
			isa = PBXFrameworksBuildPhase;
			buildActionMask = 2147483647;
			files = (
			);
			runOnlyForDeploymentPostprocessing = 0;
		};
		473613C5271463AF008B1833 /* Frameworks */ = {
			isa = PBXFrameworksBuildPhase;
			buildActionMask = 2147483647;
			files = (
			);
			runOnlyForDeploymentPostprocessing = 0;
		};
		473613CC271463AF008B1833 /* Frameworks */ = {
			isa = PBXFrameworksBuildPhase;
			buildActionMask = 2147483647;
			files = (
			);
			runOnlyForDeploymentPostprocessing = 0;
		};
		473613D8271463AF008B1833 /* Frameworks */ = {
			isa = PBXFrameworksBuildPhase;
			buildActionMask = 2147483647;
			files = (
			);
			runOnlyForDeploymentPostprocessing = 0;
		};
/* End PBXFrameworksBuildPhase section */

/* Begin PBXGroup section */
		473613B5271463AD008B1833 = {
			isa = PBXGroup;
			children = (
				473613BA271463AE008B1833 /* Shared */,
				473613C9271463AF008B1833 /* macOS */,
				473613D2271463AF008B1833 /* Tests iOS */,
				473613DE271463AF008B1833 /* Tests macOS */,
				473613C3271463AF008B1833 /* Products */,
			);
			sourceTree = "<group>";
		};
		473613BA271463AE008B1833 /* Shared */ = {
			isa = PBXGroup;
			children = (
				473613F8271463CD008B1833 /* Model */,
				473613F7271463C8008B1833 /* View */,
				473613BB271463AE008B1833 /* UI_324App.swift */,
				473613BC271463AE008B1833 /* ContentView.swift */,
				473613BD271463AF008B1833 /* Assets.xcassets */,
			);
			path = Shared;
			sourceTree = "<group>";
		};
		473613C3271463AF008B1833 /* Products */ = {
			isa = PBXGroup;
			children = (
				473613C2271463AF008B1833 /* UI-324.app */,
				473613C8271463AF008B1833 /* UI-324.app */,
				473613CF271463AF008B1833 /* Tests iOS.xctest */,
				473613DB271463AF008B1833 /* Tests macOS.xctest */,
			);
			name = Products;
			sourceTree = "<group>";
		};
		473613C9271463AF008B1833 /* macOS */ = {
			isa = PBXGroup;
			children = (
				473613CA271463AF008B1833 /* macOS.entitlements */,
			);
			path = macOS;
			sourceTree = "<group>";
		};
		473613D2271463AF008B1833 /* Tests iOS */ = {
			isa = PBXGroup;
			children = (
				473613D3271463AF008B1833 /* Tests_iOS.swift */,
				473613D5271463AF008B1833 /* Tests_iOSLaunchTests.swift */,
			);
			path = "Tests iOS";
			sourceTree = "<group>";
		};
		473613DE271463AF008B1833 /* Tests macOS */ = {
			isa = PBXGroup;
			children = (
				473613DF271463AF008B1833 /* Tests_macOS.swift */,
				473613E1271463AF008B1833 /* Tests_macOSLaunchTests.swift */,
			);
			path = "Tests macOS";
			sourceTree = "<group>";
		};
		473613F7271463C8008B1833 /* View */ = {
			isa = PBXGroup;
			children = (
				473613FB271463FB008B1833 /* Home.swift */,
				473613FD27146404008B1833 /* BlurView.swift */,
			);
			path = View;
			sourceTree = "<group>";
		};
		473613F8271463CD008B1833 /* Model */ = {
			isa = PBXGroup;
			children = (
				473613F9271463D5008B1833 /* Post.swift */,
			);
			path = Model;
			sourceTree = "<group>";
		};
/* End PBXGroup section */

/* Begin PBXNativeTarget section */
		473613C1271463AF008B1833 /* UI-324 (iOS) */ = {
			isa = PBXNativeTarget;
			buildConfigurationList = 473613EB271463AF008B1833 /* Build configuration list for PBXNativeTarget "UI-324 (iOS)" */;
			buildPhases = (
				473613BE271463AF008B1833 /* Sources */,
				473613BF271463AF008B1833 /* Frameworks */,
				473613C0271463AF008B1833 /* Resources */,
			);
			buildRules = (
			);
			dependencies = (
			);
			name = "UI-324 (iOS)";
			productName = "UI-324 (iOS)";
			productReference = 473613C2271463AF008B1833 /* UI-324.app */;
			productType = "com.apple.product-type.application";
		};
		473613C7271463AF008B1833 /* UI-324 (macOS) */ = {
			isa = PBXNativeTarget;
			buildConfigurationList = 473613EE271463AF008B1833 /* Build configuration list for PBXNativeTarget "UI-324 (macOS)" */;
			buildPhases = (
				473613C4271463AF008B1833 /* Sources */,
				473613C5271463AF008B1833 /* Frameworks */,
				473613C6271463AF008B1833 /* Resources */,
			);
			buildRules = (
			);
			dependencies = (
			);
			name = "UI-324 (macOS)";
			productName = "UI-324 (macOS)";
			productReference = 473613C8271463AF008B1833 /* UI-324.app */;
			productType = "com.apple.product-type.application";
		};
		473613CE271463AF008B1833 /* Tests iOS */ = {
			isa = PBXNativeTarget;
			buildConfigurationList = 473613F1271463AF008B1833 /* Build configuration list for PBXNativeTarget "Tests iOS" */;
			buildPhases = (
				473613CB271463AF008B1833 /* Sources */,
				473613CC271463AF008B1833 /* Frameworks */,
				473613CD271463AF008B1833 /* Resources */,
			);
			buildRules = (
			);
			dependencies = (
				473613D1271463AF008B1833 /* PBXTargetDependency */,
			);
			name = "Tests iOS";
			productName = "Tests iOS";
			productReference = 473613CF271463AF008B1833 /* Tests iOS.xctest */;
			productType = "com.apple.product-type.bundle.ui-testing";
		};
		473613DA271463AF008B1833 /* Tests macOS */ = {
			isa = PBXNativeTarget;
			buildConfigurationList = 473613F4271463AF008B1833 /* Build configuration list for PBXNativeTarget "Tests macOS" */;
			buildPhases = (
				473613D7271463AF008B1833 /* Sources */,
				473613D8271463AF008B1833 /* Frameworks */,
				473613D9271463AF008B1833 /* Resources */,
			);
			buildRules = (
			);
			dependencies = (
				473613DD271463AF008B1833 /* PBXTargetDependency */,
			);
			name = "Tests macOS";
			productName = "Tests macOS";
			productReference = 473613DB271463AF008B1833 /* Tests macOS.xctest */;
			productType = "com.apple.product-type.bundle.ui-testing";
		};
/* End PBXNativeTarget section */

/* Begin PBXProject section */
		473613B6271463AD008B1833 /* Project object */ = {
			isa = PBXProject;
			attributes = {
				BuildIndependentTargetsInParallel = 1;
				LastSwiftUpdateCheck = 1300;
				LastUpgradeCheck = 1300;
				TargetAttributes = {
					473613C1271463AF008B1833 = {
						CreatedOnToolsVersion = 13.0;
					};
					473613C7271463AF008B1833 = {
						CreatedOnToolsVersion = 13.0;
					};
					473613CE271463AF008B1833 = {
						CreatedOnToolsVersion = 13.0;
						TestTargetID = 473613C1271463AF008B1833;
					};
					473613DA271463AF008B1833 = {
						CreatedOnToolsVersion = 13.0;
						TestTargetID = 473613C7271463AF008B1833;
					};
				};
			};
			buildConfigurationList = 473613B9271463AD008B1833 /* Build configuration list for PBXProject "UI-324" */;
			compatibilityVersion = "Xcode 13.0";
			developmentRegion = en;
			hasScannedForEncodings = 0;
			knownRegions = (
				en,
				Base,
			);
			mainGroup = 473613B5271463AD008B1833;
			productRefGroup = 473613C3271463AF008B1833 /* Products */;
			projectDirPath = "";
			projectRoot = "";
			targets = (
				473613C1271463AF008B1833 /* UI-324 (iOS) */,
				473613C7271463AF008B1833 /* UI-324 (macOS) */,
				473613CE271463AF008B1833 /* Tests iOS */,
				473613DA271463AF008B1833 /* Tests macOS */,
			);
		};
/* End PBXProject section */

/* Begin PBXResourcesBuildPhase section */
		473613C0271463AF008B1833 /* Resources */ = {
			isa = PBXResourcesBuildPhase;
			buildActionMask = 2147483647;
			files = (
				473613E7271463AF008B1833 /* Assets.xcassets in Resources */,
			);
			runOnlyForDeploymentPostprocessing = 0;
		};
		473613C6271463AF008B1833 /* Resources */ = {
			isa = PBXResourcesBuildPhase;
			buildActionMask = 2147483647;
			files = (
				473613E8271463AF008B1833 /* Assets.xcassets in Resources */,
			);
			runOnlyForDeploymentPostprocessing = 0;
		};
		473613CD271463AF008B1833 /* Resources */ = {
			isa = PBXResourcesBuildPhase;
			buildActionMask = 2147483647;
			files = (
			);
			runOnlyForDeploymentPostprocessing = 0;
		};
		473613D9271463AF008B1833 /* Resources */ = {
			isa = PBXResourcesBuildPhase;
			buildActionMask = 2147483647;
			files = (
			);
			runOnlyForDeploymentPostprocessing = 0;
		};
/* End PBXResourcesBuildPhase section */

/* Begin PBXSourcesBuildPhase section */
		473613BE271463AF008B1833 /* Sources */ = {
			isa = PBXSourcesBuildPhase;
			buildActionMask = 2147483647;
			files = (
				473613FA271463D5008B1833 /* Post.swift in Sources */,
				473613E5271463AF008B1833 /* ContentView.swift in Sources */,
				473613FE27146404008B1833 /* BlurView.swift in Sources */,
				473613FC271463FB008B1833 /* Home.swift in Sources */,
				473613E3271463AF008B1833 /* UI_324App.swift in Sources */,
			);
			runOnlyForDeploymentPostprocessing = 0;
		};
		473613C4271463AF008B1833 /* Sources */ = {
			isa = PBXSourcesBuildPhase;
			buildActionMask = 2147483647;
			files = (
				473613E6271463AF008B1833 /* ContentView.swift in Sources */,
				473613E4271463AF008B1833 /* UI_324App.swift in Sources */,
			);
			runOnlyForDeploymentPostprocessing = 0;
		};
		473613CB271463AF008B1833 /* Sources */ = {
			isa = PBXSourcesBuildPhase;
			buildActionMask = 2147483647;
			files = (
				473613D6271463AF008B1833 /* Tests_iOSLaunchTests.swift in Sources */,
				473613D4271463AF008B1833 /* Tests_iOS.swift in Sources */,
			);
			runOnlyForDeploymentPostprocessing = 0;
		};
		473613D7271463AF008B1833 /* Sources */ = {
			isa = PBXSourcesBuildPhase;
			buildActionMask = 2147483647;
			files = (
				473613E2271463AF008B1833 /* Tests_macOSLaunchTests.swift in Sources */,
				473613E0271463AF008B1833 /* Tests_macOS.swift in Sources */,
			);
			runOnlyForDeploymentPostprocessing = 0;
		};
/* End PBXSourcesBuildPhase section */

/* Begin PBXTargetDependency section */
		473613D1271463AF008B1833 /* PBXTargetDependency */ = {
			isa = PBXTargetDependency;
			target = 473613C1271463AF008B1833 /* UI-324 (iOS) */;
			targetProxy = 473613D0271463AF008B1833 /* PBXContainerItemProxy */;
		};
		473613DD271463AF008B1833 /* PBXTargetDependency */ = {
			isa = PBXTargetDependency;
			target = 473613C7271463AF008B1833 /* UI-324 (macOS) */;
			targetProxy = 473613DC271463AF008B1833 /* PBXContainerItemProxy */;
		};
/* End PBXTargetDependency section */

/* Begin XCBuildConfiguration section */
		473613E9271463AF008B1833 /* Debug */ = {
			isa = XCBuildConfiguration;
			buildSettings = {
				ALWAYS_SEARCH_USER_PATHS = NO;
				CLANG_ANALYZER_NONNULL = YES;
				CLANG_ANALYZER_NUMBER_OBJECT_CONVERSION = YES_AGGRESSIVE;
				CLANG_CXX_LANGUAGE_STANDARD = "gnu++17";
				CLANG_CXX_LIBRARY = "libc++";
				CLANG_ENABLE_MODULES = YES;
				CLANG_ENABLE_OBJC_ARC = YES;
				CLANG_ENABLE_OBJC_WEAK = YES;
				CLANG_WARN_BLOCK_CAPTURE_AUTORELEASING = YES;
				CLANG_WARN_BOOL_CONVERSION = YES;
				CLANG_WARN_COMMA = YES;
				CLANG_WARN_CONSTANT_CONVERSION = YES;
				CLANG_WARN_DEPRECATED_OBJC_IMPLEMENTATIONS = YES;
				CLANG_WARN_DIRECT_OBJC_ISA_USAGE = YES_ERROR;
				CLANG_WARN_DOCUMENTATION_COMMENTS = YES;
				CLANG_WARN_EMPTY_BODY = YES;
				CLANG_WARN_ENUM_CONVERSION = YES;
				CLANG_WARN_INFINITE_RECURSION = YES;
				CLANG_WARN_INT_CONVERSION = YES;
				CLANG_WARN_NON_LITERAL_NULL_CONVERSION = YES;
				CLANG_WARN_OBJC_IMPLICIT_RETAIN_SELF = YES;
				CLANG_WARN_OBJC_LITERAL_CONVERSION = YES;
				CLANG_WARN_OBJC_ROOT_CLASS = YES_ERROR;
				CLANG_WARN_QUOTED_INCLUDE_IN_FRAMEWORK_HEADER = YES;
				CLANG_WARN_RANGE_LOOP_ANALYSIS = YES;
				CLANG_WARN_STRICT_PROTOTYPES = YES;
				CLANG_WARN_SUSPICIOUS_MOVE = YES;
				CLANG_WARN_UNGUARDED_AVAILABILITY = YES_AGGRESSIVE;
				CLANG_WARN_UNREACHABLE_CODE = YES;
				CLANG_WARN__DUPLICATE_METHOD_MATCH = YES;
				COPY_PHASE_STRIP = NO;
				DEBUG_INFORMATION_FORMAT = dwarf;
				ENABLE_STRICT_OBJC_MSGSEND = YES;
				ENABLE_TESTABILITY = YES;
				GCC_C_LANGUAGE_STANDARD = gnu11;
				GCC_DYNAMIC_NO_PIC = NO;
				GCC_NO_COMMON_BLOCKS = YES;
				GCC_OPTIMIZATION_LEVEL = 0;
				GCC_PREPROCESSOR_DEFINITIONS = (
					"DEBUG=1",
					"$(inherited)",
				);
				GCC_WARN_64_TO_32_BIT_CONVERSION = YES;
				GCC_WARN_ABOUT_RETURN_TYPE = YES_ERROR;
				GCC_WARN_UNDECLARED_SELECTOR = YES;
				GCC_WARN_UNINITIALIZED_AUTOS = YES_AGGRESSIVE;
				GCC_WARN_UNUSED_FUNCTION = YES;
				GCC_WARN_UNUSED_VARIABLE = YES;
				MTL_ENABLE_DEBUG_INFO = INCLUDE_SOURCE;
				MTL_FAST_MATH = YES;
				ONLY_ACTIVE_ARCH = YES;
				SWIFT_ACTIVE_COMPILATION_CONDITIONS = DEBUG;
				SWIFT_OPTIMIZATION_LEVEL = "-Onone";
			};
			name = Debug;
		};
		473613EA271463AF008B1833 /* Release */ = {
			isa = XCBuildConfiguration;
			buildSettings = {
				ALWAYS_SEARCH_USER_PATHS = NO;
				CLANG_ANALYZER_NONNULL = YES;
				CLANG_ANALYZER_NUMBER_OBJECT_CONVERSION = YES_AGGRESSIVE;
				CLANG_CXX_LANGUAGE_STANDARD = "gnu++17";
				CLANG_CXX_LIBRARY = "libc++";
				CLANG_ENABLE_MODULES = YES;
				CLANG_ENABLE_OBJC_ARC = YES;
				CLANG_ENABLE_OBJC_WEAK = YES;
				CLANG_WARN_BLOCK_CAPTURE_AUTORELEASING = YES;
				CLANG_WARN_BOOL_CONVERSION = YES;
				CLANG_WARN_COMMA = YES;
				CLANG_WARN_CONSTANT_CONVERSION = YES;
				CLANG_WARN_DEPRECATED_OBJC_IMPLEMENTATIONS = YES;
				CLANG_WARN_DIRECT_OBJC_ISA_USAGE = YES_ERROR;
				CLANG_WARN_DOCUMENTATION_COMMENTS = YES;
				CLANG_WARN_EMPTY_BODY = YES;
				CLANG_WARN_ENUM_CONVERSION = YES;
				CLANG_WARN_INFINITE_RECURSION = YES;
				CLANG_WARN_INT_CONVERSION = YES;
				CLANG_WARN_NON_LITERAL_NULL_CONVERSION = YES;
				CLANG_WARN_OBJC_IMPLICIT_RETAIN_SELF = YES;
				CLANG_WARN_OBJC_LITERAL_CONVERSION = YES;
				CLANG_WARN_OBJC_ROOT_CLASS = YES_ERROR;
				CLANG_WARN_QUOTED_INCLUDE_IN_FRAMEWORK_HEADER = YES;
				CLANG_WARN_RANGE_LOOP_ANALYSIS = YES;
				CLANG_WARN_STRICT_PROTOTYPES = YES;
				CLANG_WARN_SUSPICIOUS_MOVE = YES;
				CLANG_WARN_UNGUARDED_AVAILABILITY = YES_AGGRESSIVE;
				CLANG_WARN_UNREACHABLE_CODE = YES;
				CLANG_WARN__DUPLICATE_METHOD_MATCH = YES;
				COPY_PHASE_STRIP = NO;
				DEBUG_INFORMATION_FORMAT = "dwarf-with-dsym";
				ENABLE_NS_ASSERTIONS = NO;
				ENABLE_STRICT_OBJC_MSGSEND = YES;
				GCC_C_LANGUAGE_STANDARD = gnu11;
				GCC_NO_COMMON_BLOCKS = YES;
				GCC_WARN_64_TO_32_BIT_CONVERSION = YES;
				GCC_WARN_ABOUT_RETURN_TYPE = YES_ERROR;
				GCC_WARN_UNDECLARED_SELECTOR = YES;
				GCC_WARN_UNINITIALIZED_AUTOS = YES_AGGRESSIVE;
				GCC_WARN_UNUSED_FUNCTION = YES;
				GCC_WARN_UNUSED_VARIABLE = YES;
				MTL_ENABLE_DEBUG_INFO = NO;
				MTL_FAST_MATH = YES;
				SWIFT_COMPILATION_MODE = wholemodule;
				SWIFT_OPTIMIZATION_LEVEL = "-O";
			};
			name = Release;
		};
		473613EC271463AF008B1833 /* Debug */ = {
			isa = XCBuildConfiguration;
			buildSettings = {
				ASSETCATALOG_COMPILER_APPICON_NAME = AppIcon;
				ASSETCATALOG_COMPILER_GLOBAL_ACCENT_COLOR_NAME = AccentColor;
				CODE_SIGN_STYLE = Automatic;
				CURRENT_PROJECT_VERSION = 1;
				DEVELOPMENT_TEAM = 8CL4U468K5;
				ENABLE_PREVIEWS = YES;
				GENERATE_INFOPLIST_FILE = YES;
				INFOPLIST_KEY_UIApplicationSceneManifest_Generation = YES;
				INFOPLIST_KEY_UIApplicationSupportsIndirectInputEvents = YES;
				INFOPLIST_KEY_UILaunchScreen_Generation = YES;
				INFOPLIST_KEY_UISupportedInterfaceOrientations_iPad = "UIInterfaceOrientationPortrait UIInterfaceOrientationPortraitUpsideDown UIInterfaceOrientationLandscapeLeft UIInterfaceOrientationLandscapeRight";
				INFOPLIST_KEY_UISupportedInterfaceOrientations_iPhone = "UIInterfaceOrientationPortrait UIInterfaceOrientationLandscapeLeft UIInterfaceOrientationLandscapeRight";
				IPHONEOS_DEPLOYMENT_TARGET = 15.0;
				LD_RUNPATH_SEARCH_PATHS = (
					"$(inherited)",
					"@executable_path/Frameworks",
				);
				MARKETING_VERSION = 1.0;
				PRODUCT_BUNDLE_IDENTIFIER = "com.587.UI-324";
				PRODUCT_NAME = "UI-324";
				SDKROOT = iphoneos;
				SWIFT_EMIT_LOC_STRINGS = YES;
				SWIFT_VERSION = 5.0;
				TARGETED_DEVICE_FAMILY = "1,2";
			};
			name = Debug;
		};
		473613ED271463AF008B1833 /* Release */ = {
			isa = XCBuildConfiguration;
			buildSettings = {
				ASSETCATALOG_COMPILER_APPICON_NAME = AppIcon;
				ASSETCATALOG_COMPILER_GLOBAL_ACCENT_COLOR_NAME = AccentColor;
				CODE_SIGN_STYLE = Automatic;
				CURRENT_PROJECT_VERSION = 1;
				DEVELOPMENT_TEAM = 8CL4U468K5;
				ENABLE_PREVIEWS = YES;
				GENERATE_INFOPLIST_FILE = YES;
				INFOPLIST_KEY_UIApplicationSceneManifest_Generation = YES;
				INFOPLIST_KEY_UIApplicationSupportsIndirectInputEvents = YES;
				INFOPLIST_KEY_UILaunchScreen_Generation = YES;
				INFOPLIST_KEY_UISupportedInterfaceOrientations_iPad = "UIInterfaceOrientationPortrait UIInterfaceOrientationPortraitUpsideDown UIInterfaceOrientationLandscapeLeft UIInterfaceOrientationLandscapeRight";
				INFOPLIST_KEY_UISupportedInterfaceOrientations_iPhone = "UIInterfaceOrientationPortrait UIInterfaceOrientationLandscapeLeft UIInterfaceOrientationLandscapeRight";
				IPHONEOS_DEPLOYMENT_TARGET = 15.0;
				LD_RUNPATH_SEARCH_PATHS = (
					"$(inherited)",
					"@executable_path/Frameworks",
				);
				MARKETING_VERSION = 1.0;
				PRODUCT_BUNDLE_IDENTIFIER = "com.587.UI-324";
				PRODUCT_NAME = "UI-324";
				SDKROOT = iphoneos;
				SWIFT_EMIT_LOC_STRINGS = YES;
				SWIFT_VERSION = 5.0;
				TARGETED_DEVICE_FAMILY = "1,2";
				VALIDATE_PRODUCT = YES;
			};
			name = Release;
		};
		473613EF271463AF008B1833 /* Debug */ = {
			isa = XCBuildConfiguration;
			buildSettings = {
				ASSETCATALOG_COMPILER_APPICON_NAME = AppIcon;
				ASSETCATALOG_COMPILER_GLOBAL_ACCENT_COLOR_NAME = AccentColor;
				CODE_SIGN_ENTITLEMENTS = macOS/macOS.entitlements;
				CODE_SIGN_STYLE = Automatic;
				COMBINE_HIDPI_IMAGES = YES;
				CURRENT_PROJECT_VERSION = 1;
				DEVELOPMENT_TEAM = 8CL4U468K5;
				ENABLE_HARDENED_RUNTIME = YES;
				ENABLE_PREVIEWS = YES;
				GENERATE_INFOPLIST_FILE = YES;
				INFOPLIST_KEY_NSHumanReadableCopyright = "";
				LD_RUNPATH_SEARCH_PATHS = (
					"$(inherited)",
					"@executable_path/../Frameworks",
				);
				MACOSX_DEPLOYMENT_TARGET = 11.0;
				MARKETING_VERSION = 1.0;
				PRODUCT_BUNDLE_IDENTIFIER = "com.587.UI-324";
				PRODUCT_NAME = "UI-324";
				SDKROOT = macosx;
				SWIFT_EMIT_LOC_STRINGS = YES;
				SWIFT_VERSION = 5.0;
			};
			name = Debug;
		};
		473613F0271463AF008B1833 /* Release */ = {
			isa = XCBuildConfiguration;
			buildSettings = {
				ASSETCATALOG_COMPILER_APPICON_NAME = AppIcon;
				ASSETCATALOG_COMPILER_GLOBAL_ACCENT_COLOR_NAME = AccentColor;
				CODE_SIGN_ENTITLEMENTS = macOS/macOS.entitlements;
				CODE_SIGN_STYLE = Automatic;
				COMBINE_HIDPI_IMAGES = YES;
				CURRENT_PROJECT_VERSION = 1;
				DEVELOPMENT_TEAM = 8CL4U468K5;
				ENABLE_HARDENED_RUNTIME = YES;
				ENABLE_PREVIEWS = YES;
				GENERATE_INFOPLIST_FILE = YES;
				INFOPLIST_KEY_NSHumanReadableCopyright = "";
				LD_RUNPATH_SEARCH_PATHS = (
					"$(inherited)",
					"@executable_path/../Frameworks",
				);
				MACOSX_DEPLOYMENT_TARGET = 11.0;
				MARKETING_VERSION = 1.0;
				PRODUCT_BUNDLE_IDENTIFIER = "com.587.UI-324";
				PRODUCT_NAME = "UI-324";
				SDKROOT = macosx;
				SWIFT_EMIT_LOC_STRINGS = YES;
				SWIFT_VERSION = 5.0;
			};
			name = Release;
		};
		473613F2271463AF008B1833 /* Debug */ = {
			isa = XCBuildConfiguration;
			buildSettings = {
				ALWAYS_EMBED_SWIFT_STANDARD_LIBRARIES = YES;
				CODE_SIGN_STYLE = Automatic;
				CURRENT_PROJECT_VERSION = 1;
				DEVELOPMENT_TEAM = 8CL4U468K5;
				GENERATE_INFOPLIST_FILE = YES;
				IPHONEOS_DEPLOYMENT_TARGET = 15.0;
				LD_RUNPATH_SEARCH_PATHS = (
					"$(inherited)",
					"@executable_path/Frameworks",
					"@loader_path/Frameworks",
				);
				MARKETING_VERSION = 1.0;
				PRODUCT_BUNDLE_IDENTIFIER = "com.587.Tests-iOS";
				PRODUCT_NAME = "$(TARGET_NAME)";
				SDKROOT = iphoneos;
				SWIFT_EMIT_LOC_STRINGS = NO;
				SWIFT_VERSION = 5.0;
				TARGETED_DEVICE_FAMILY = "1,2";
				TEST_TARGET_NAME = "UI-324 (iOS)";
			};
			name = Debug;
		};
		473613F3271463AF008B1833 /* Release */ = {
			isa = XCBuildConfiguration;
			buildSettings = {
				ALWAYS_EMBED_SWIFT_STANDARD_LIBRARIES = YES;
				CODE_SIGN_STYLE = Automatic;
				CURRENT_PROJECT_VERSION = 1;
				DEVELOPMENT_TEAM = 8CL4U468K5;
				GENERATE_INFOPLIST_FILE = YES;
				IPHONEOS_DEPLOYMENT_TARGET = 15.0;
				LD_RUNPATH_SEARCH_PATHS = (
					"$(inherited)",
					"@executable_path/Frameworks",
					"@loader_path/Frameworks",
				);
				MARKETING_VERSION = 1.0;
				PRODUCT_BUNDLE_IDENTIFIER = "com.587.Tests-iOS";
				PRODUCT_NAME = "$(TARGET_NAME)";
				SDKROOT = iphoneos;
				SWIFT_EMIT_LOC_STRINGS = NO;
				SWIFT_VERSION = 5.0;
				TARGETED_DEVICE_FAMILY = "1,2";
				TEST_TARGET_NAME = "UI-324 (iOS)";
				VALIDATE_PRODUCT = YES;
			};
			name = Release;
		};
		473613F5271463AF008B1833 /* Debug */ = {
			isa = XCBuildConfiguration;
			buildSettings = {
				ALWAYS_EMBED_SWIFT_STANDARD_LIBRARIES = YES;
				CODE_SIGN_STYLE = Automatic;
				COMBINE_HIDPI_IMAGES = YES;
				CURRENT_PROJECT_VERSION = 1;
				DEVELOPMENT_TEAM = 8CL4U468K5;
				GENERATE_INFOPLIST_FILE = YES;
				LD_RUNPATH_SEARCH_PATHS = (
					"$(inherited)",
					"@executable_path/../Frameworks",
					"@loader_path/../Frameworks",
				);
				MACOSX_DEPLOYMENT_TARGET = 11.3;
				MARKETING_VERSION = 1.0;
				PRODUCT_BUNDLE_IDENTIFIER = "com.587.Tests-macOS";
				PRODUCT_NAME = "$(TARGET_NAME)";
				SDKROOT = macosx;
				SWIFT_EMIT_LOC_STRINGS = NO;
				SWIFT_VERSION = 5.0;
				TEST_TARGET_NAME = "UI-324 (macOS)";
			};
			name = Debug;
		};
		473613F6271463AF008B1833 /* Release */ = {
			isa = XCBuildConfiguration;
			buildSettings = {
				ALWAYS_EMBED_SWIFT_STANDARD_LIBRARIES = YES;
				CODE_SIGN_STYLE = Automatic;
				COMBINE_HIDPI_IMAGES = YES;
				CURRENT_PROJECT_VERSION = 1;
				DEVELOPMENT_TEAM = 8CL4U468K5;
				GENERATE_INFOPLIST_FILE = YES;
				LD_RUNPATH_SEARCH_PATHS = (
					"$(inherited)",
					"@executable_path/../Frameworks",
					"@loader_path/../Frameworks",
				);
				MACOSX_DEPLOYMENT_TARGET = 11.3;
				MARKETING_VERSION = 1.0;
				PRODUCT_BUNDLE_IDENTIFIER = "com.587.Tests-macOS";
				PRODUCT_NAME = "$(TARGET_NAME)";
				SDKROOT = macosx;
				SWIFT_EMIT_LOC_STRINGS = NO;
				SWIFT_VERSION = 5.0;
				TEST_TARGET_NAME = "UI-324 (macOS)";
			};
			name = Release;
		};
/* End XCBuildConfiguration section */

/* Begin XCConfigurationList section */
		473613B9271463AD008B1833 /* Build configuration list for PBXProject "UI-324" */ = {
			isa = XCConfigurationList;
			buildConfigurations = (
				473613E9271463AF008B1833 /* Debug */,
				473613EA271463AF008B1833 /* Release */,
			);
			defaultConfigurationIsVisible = 0;
			defaultConfigurationName = Release;
		};
		473613EB271463AF008B1833 /* Build configuration list for PBXNativeTarget "UI-324 (iOS)" */ = {
			isa = XCConfigurationList;
			buildConfigurations = (
				473613EC271463AF008B1833 /* Debug */,
				473613ED271463AF008B1833 /* Release */,
			);
			defaultConfigurationIsVisible = 0;
			defaultConfigurationName = Release;
		};
		473613EE271463AF008B1833 /* Build configuration list for PBXNativeTarget "UI-324 (macOS)" */ = {
			isa = XCConfigurationList;
			buildConfigurations = (
				473613EF271463AF008B1833 /* Debug */,
				473613F0271463AF008B1833 /* Release */,
			);
			defaultConfigurationIsVisible = 0;
			defaultConfigurationName = Release;
		};
		473613F1271463AF008B1833 /* Build configuration list for PBXNativeTarget "Tests iOS" */ = {
			isa = XCConfigurationList;
			buildConfigurations = (
				473613F2271463AF008B1833 /* Debug */,
				473613F3271463AF008B1833 /* Release */,
			);
			defaultConfigurationIsVisible = 0;
			defaultConfigurationName = Release;
		};
		473613F4271463AF008B1833 /* Build configuration list for PBXNativeTarget "Tests macOS" */ = {
			isa = XCConfigurationList;
			buildConfigurations = (
				473613F5271463AF008B1833 /* Debug */,
				473613F6271463AF008B1833 /* Release */,
			);
			defaultConfigurationIsVisible = 0;
			defaultConfigurationName = Release;
		};
/* End XCConfigurationList section */
	};
	rootObject = 473613B6271463AD008B1833 /* Project object */;
}
